// !$*UTF8*$!
{
	archiveVersion = 1;
	classes = {
	};
	objectVersion = 55;
	objects = {

/* Begin PBXBuildFile section */
		33FFC75ED838278203112786 /* Pods_AuthenticationWithFirebase.framework in Frameworks */ = {isa = PBXBuildFile; fileRef = 7B339555C3BA3B37724B937A /* Pods_AuthenticationWithFirebase.framework */; };
		674F615027AD897E0000FB8D /* AppDelegate.swift in Sources */ = {isa = PBXBuildFile; fileRef = 674F614F27AD897E0000FB8D /* AppDelegate.swift */; };
		674F615227AD897E0000FB8D /* SceneDelegate.swift in Sources */ = {isa = PBXBuildFile; fileRef = 674F615127AD897E0000FB8D /* SceneDelegate.swift */; };
		674F615427AD897E0000FB8D /* ViewController.swift in Sources */ = {isa = PBXBuildFile; fileRef = 674F615327AD897E0000FB8D /* ViewController.swift */; };
		674F615727AD897E0000FB8D /* Main.storyboard in Resources */ = {isa = PBXBuildFile; fileRef = 674F615527AD897E0000FB8D /* Main.storyboard */; };
		674F615927AD89800000FB8D /* Assets.xcassets in Resources */ = {isa = PBXBuildFile; fileRef = 674F615827AD89800000FB8D /* Assets.xcassets */; };
		674F615C27AD89800000FB8D /* LaunchScreen.storyboard in Resources */ = {isa = PBXBuildFile; fileRef = 674F615A27AD89800000FB8D /* LaunchScreen.storyboard */; };
		6785404A27B10DC600D5FD05 /* ContentVC.swift in Sources */ = {isa = PBXBuildFile; fileRef = 6785404927B10DC600D5FD05 /* ContentVC.swift */; };
		67AF338427AE76A800CCB253 /* PhoneNumberVC.swift in Sources */ = {isa = PBXBuildFile; fileRef = 67AF338327AE76A800CCB253 /* PhoneNumberVC.swift */; };
		67AF338627AE7F5D00CCB253 /* GoogleService-Info.plist in Resources */ = {isa = PBXBuildFile; fileRef = 67AF338527AE7F5D00CCB253 /* GoogleService-Info.plist */; };
		67AF338A27B01E5200CCB253 /* CodeValidVC.swift in Sources */ = {isa = PBXBuildFile; fileRef = 67AF338927B01E5200CCB253 /* CodeValidVC.swift */; };
/* End PBXBuildFile section */

/* Begin PBXFileReference section */
		2025D72FEBB4BB5EE6AA064B /* Pods-AuthenticationWithFirebase.debug.xcconfig */ = {isa = PBXFileReference; includeInIndex = 1; lastKnownFileType = text.xcconfig; name = "Pods-AuthenticationWithFirebase.debug.xcconfig"; path = "Target Support Files/Pods-AuthenticationWithFirebase/Pods-AuthenticationWithFirebase.debug.xcconfig"; sourceTree = "<group>"; };
		2E1457944251B837D759E55D /* Pods-AuthenticationWithFirebase.release.xcconfig */ = {isa = PBXFileReference; includeInIndex = 1; lastKnownFileType = text.xcconfig; name = "Pods-AuthenticationWithFirebase.release.xcconfig"; path = "Target Support Files/Pods-AuthenticationWithFirebase/Pods-AuthenticationWithFirebase.release.xcconfig"; sourceTree = "<group>"; };
		674F614C27AD897E0000FB8D /* AuthenticationWithFirebase.app */ = {isa = PBXFileReference; explicitFileType = wrapper.application; includeInIndex = 0; path = AuthenticationWithFirebase.app; sourceTree = BUILT_PRODUCTS_DIR; };
		674F614F27AD897E0000FB8D /* AppDelegate.swift */ = {isa = PBXFileReference; lastKnownFileType = sourcecode.swift; path = AppDelegate.swift; sourceTree = "<group>"; };
		674F615127AD897E0000FB8D /* SceneDelegate.swift */ = {isa = PBXFileReference; lastKnownFileType = sourcecode.swift; path = SceneDelegate.swift; sourceTree = "<group>"; };
		674F615327AD897E0000FB8D /* ViewController.swift */ = {isa = PBXFileReference; lastKnownFileType = sourcecode.swift; path = ViewController.swift; sourceTree = "<group>"; };
		674F615627AD897E0000FB8D /* Base */ = {isa = PBXFileReference; lastKnownFileType = file.storyboard; name = Base; path = Base.lproj/Main.storyboard; sourceTree = "<group>"; };
		674F615827AD89800000FB8D /* Assets.xcassets */ = {isa = PBXFileReference; lastKnownFileType = folder.assetcatalog; path = Assets.xcassets; sourceTree = "<group>"; };
		674F615B27AD89800000FB8D /* Base */ = {isa = PBXFileReference; lastKnownFileType = file.storyboard; name = Base; path = Base.lproj/LaunchScreen.storyboard; sourceTree = "<group>"; };
		674F615D27AD89800000FB8D /* Info.plist */ = {isa = PBXFileReference; lastKnownFileType = text.plist.xml; path = Info.plist; sourceTree = "<group>"; };
		6785404927B10DC600D5FD05 /* ContentVC.swift */ = {isa = PBXFileReference; lastKnownFileType = sourcecode.swift; path = ContentVC.swift; sourceTree = "<group>"; };
		67AF338327AE76A800CCB253 /* PhoneNumberVC.swift */ = {isa = PBXFileReference; lastKnownFileType = sourcecode.swift; path = PhoneNumberVC.swift; sourceTree = "<group>"; };
		67AF338527AE7F5D00CCB253 /* GoogleService-Info.plist */ = {isa = PBXFileReference; fileEncoding = 4; lastKnownFileType = text.plist.xml; path = "GoogleService-Info.plist"; sourceTree = "<group>"; };
		67AF338927B01E5200CCB253 /* CodeValidVC.swift */ = {isa = PBXFileReference; lastKnownFileType = sourcecode.swift; path = CodeValidVC.swift; sourceTree = "<group>"; };
		7B339555C3BA3B37724B937A /* Pods_AuthenticationWithFirebase.framework */ = {isa = PBXFileReference; explicitFileType = wrapper.framework; includeInIndex = 0; path = Pods_AuthenticationWithFirebase.framework; sourceTree = BUILT_PRODUCTS_DIR; };
/* End PBXFileReference section */

/* Begin PBXFrameworksBuildPhase section */
		674F614927AD897E0000FB8D /* Frameworks */ = {
			isa = PBXFrameworksBuildPhase;
			buildActionMask = 2147483647;
			files = (
				33FFC75ED838278203112786 /* Pods_AuthenticationWithFirebase.framework in Frameworks */,
			);
			runOnlyForDeploymentPostprocessing = 0;
		};
/* End PBXFrameworksBuildPhase section */

/* Begin PBXGroup section */
		450767835C5D4A457AFC0F70 /* Frameworks */ = {
			isa = PBXGroup;
			children = (
				7B339555C3BA3B37724B937A /* Pods_AuthenticationWithFirebase.framework */,
			);
			name = Frameworks;
			sourceTree = "<group>";
		};
		674F614327AD897E0000FB8D = {
			isa = PBXGroup;
			children = (
				674F614E27AD897E0000FB8D /* AuthenticationWithFirebase */,
				674F614D27AD897E0000FB8D /* Products */,
				FF414EAD2AA14B51E7DA9775 /* Pods */,
				450767835C5D4A457AFC0F70 /* Frameworks */,
			);
			sourceTree = "<group>";
		};
		674F614D27AD897E0000FB8D /* Products */ = {
			isa = PBXGroup;
			children = (
				674F614C27AD897E0000FB8D /* AuthenticationWithFirebase.app */,
			);
			name = Products;
			sourceTree = "<group>";
		};
		674F614E27AD897E0000FB8D /* AuthenticationWithFirebase */ = {
			isa = PBXGroup;
			children = (
				674F614F27AD897E0000FB8D /* AppDelegate.swift */,
				674F615127AD897E0000FB8D /* SceneDelegate.swift */,
				674F615327AD897E0000FB8D /* ViewController.swift */,
				674F615527AD897E0000FB8D /* Main.storyboard */,
				6785404927B10DC600D5FD05 /* ContentVC.swift */,
				67AF338927B01E5200CCB253 /* CodeValidVC.swift */,
				67AF338327AE76A800CCB253 /* PhoneNumberVC.swift */,
				674F615827AD89800000FB8D /* Assets.xcassets */,
				674F615A27AD89800000FB8D /* LaunchScreen.storyboard */,
				67AF338527AE7F5D00CCB253 /* GoogleService-Info.plist */,
				674F615D27AD89800000FB8D /* Info.plist */,
			);
			path = AuthenticationWithFirebase;
			sourceTree = "<group>";
		};
		FF414EAD2AA14B51E7DA9775 /* Pods */ = {
			isa = PBXGroup;
			children = (
				2025D72FEBB4BB5EE6AA064B /* Pods-AuthenticationWithFirebase.debug.xcconfig */,
				2E1457944251B837D759E55D /* Pods-AuthenticationWithFirebase.release.xcconfig */,
			);
			path = Pods;
			sourceTree = "<group>";
		};
/* End PBXGroup section */

/* Begin PBXNativeTarget section */
		674F614B27AD897E0000FB8D /* AuthenticationWithFirebase */ = {
			isa = PBXNativeTarget;
			buildConfigurationList = 674F616027AD89800000FB8D /* Build configuration list for PBXNativeTarget "AuthenticationWithFirebase" */;
			buildPhases = (
				33CD05333E176B6697E876C2 /* [CP] Check Pods Manifest.lock */,
				674F614827AD897E0000FB8D /* Sources */,
				674F614927AD897E0000FB8D /* Frameworks */,
				674F614A27AD897E0000FB8D /* Resources */,
				FD84DA6E5F673F46D0869551 /* [CP] Embed Pods Frameworks */,
			);
			buildRules = (
			);
			dependencies = (
			);
			name = AuthenticationWithFirebase;
			productName = AuthenticationWithFirebase;
			productReference = 674F614C27AD897E0000FB8D /* AuthenticationWithFirebase.app */;
			productType = "com.apple.product-type.application";
		};
/* End PBXNativeTarget section */

/* Begin PBXProject section */
		674F614427AD897E0000FB8D /* Project object */ = {
			isa = PBXProject;
			attributes = {
				BuildIndependentTargetsInParallel = 1;
				LastSwiftUpdateCheck = 1320;
				LastUpgradeCheck = 1320;
				TargetAttributes = {
					674F614B27AD897E0000FB8D = {
						CreatedOnToolsVersion = 13.2.1;
					};
				};
			};
			buildConfigurationList = 674F614727AD897E0000FB8D /* Build configuration list for PBXProject "AuthenticationWithFirebase" */;
			compatibilityVersion = "Xcode 13.0";
			developmentRegion = en;
			hasScannedForEncodings = 0;
			knownRegions = (
				en,
				Base,
			);
			mainGroup = 674F614327AD897E0000FB8D;
			productRefGroup = 674F614D27AD897E0000FB8D /* Products */;
			projectDirPath = "";
			projectRoot = "";
			targets = (
				674F614B27AD897E0000FB8D /* AuthenticationWithFirebase */,
			);
		};
/* End PBXProject section */

/* Begin PBXResourcesBuildPhase section */
		674F614A27AD897E0000FB8D /* Resources */ = {
			isa = PBXResourcesBuildPhase;
			buildActionMask = 2147483647;
			files = (
				674F615C27AD89800000FB8D /* LaunchScreen.storyboard in Resources */,
				674F615927AD89800000FB8D /* Assets.xcassets in Resources */,
				67AF338627AE7F5D00CCB253 /* GoogleService-Info.plist in Resources */,
				674F615727AD897E0000FB8D /* Main.storyboard in Resources */,
			);
			runOnlyForDeploymentPostprocessing = 0;
		};
/* End PBXResourcesBuildPhase section */

/* Begin PBXShellScriptBuildPhase section */
		33CD05333E176B6697E876C2 /* [CP] Check Pods Manifest.lock */ = {
			isa = PBXShellScriptBuildPhase;
			buildActionMask = 2147483647;
			files = (
			);
			inputFileListPaths = (
			);
			inputPaths = (
				"${PODS_PODFILE_DIR_PATH}/Podfile.lock",
				"${PODS_ROOT}/Manifest.lock",
			);
			name = "[CP] Check Pods Manifest.lock";
			outputFileListPaths = (
			);
			outputPaths = (
				"$(DERIVED_FILE_DIR)/Pods-AuthenticationWithFirebase-checkManifestLockResult.txt",
			);
			runOnlyForDeploymentPostprocessing = 0;
			shellPath = /bin/sh;
			shellScript = "diff \"${PODS_PODFILE_DIR_PATH}/Podfile.lock\" \"${PODS_ROOT}/Manifest.lock\" > /dev/null\nif [ $? != 0 ] ; then\n    # print error to STDERR\n    echo \"error: The sandbox is not in sync with the Podfile.lock. Run 'pod install' or update your CocoaPods installation.\" >&2\n    exit 1\nfi\n# This output is used by Xcode 'outputs' to avoid re-running this script phase.\necho \"SUCCESS\" > \"${SCRIPT_OUTPUT_FILE_0}\"\n";
			showEnvVarsInLog = 0;
		};
		FD84DA6E5F673F46D0869551 /* [CP] Embed Pods Frameworks */ = {
			isa = PBXShellScriptBuildPhase;
			buildActionMask = 2147483647;
			files = (
			);
			inputFileListPaths = (
				"${PODS_ROOT}/Target Support Files/Pods-AuthenticationWithFirebase/Pods-AuthenticationWithFirebase-frameworks-${CONFIGURATION}-input-files.xcfilelist",
			);
			name = "[CP] Embed Pods Frameworks";
			outputFileListPaths = (
				"${PODS_ROOT}/Target Support Files/Pods-AuthenticationWithFirebase/Pods-AuthenticationWithFirebase-frameworks-${CONFIGURATION}-output-files.xcfilelist",
			);
			runOnlyForDeploymentPostprocessing = 0;
			shellPath = /bin/sh;
			shellScript = "\"${PODS_ROOT}/Target Support Files/Pods-AuthenticationWithFirebase/Pods-AuthenticationWithFirebase-frameworks.sh\"\n";
			showEnvVarsInLog = 0;
		};
/* End PBXShellScriptBuildPhase section */

/* Begin PBXSourcesBuildPhase section */
		674F614827AD897E0000FB8D /* Sources */ = {
			isa = PBXSourcesBuildPhase;
			buildActionMask = 2147483647;
			files = (
				674F615427AD897E0000FB8D /* ViewController.swift in Sources */,
				674F615027AD897E0000FB8D /* AppDelegate.swift in Sources */,
				6785404A27B10DC600D5FD05 /* ContentVC.swift in Sources */,
				67AF338A27B01E5200CCB253 /* CodeValidVC.swift in Sources */,
				67AF338427AE76A800CCB253 /* PhoneNumberVC.swift in Sources */,
				674F615227AD897E0000FB8D /* SceneDelegate.swift in Sources */,
			);
			runOnlyForDeploymentPostprocessing = 0;
		};
/* End PBXSourcesBuildPhase section */

/* Begin PBXVariantGroup section */
		674F615527AD897E0000FB8D /* Main.storyboard */ = {
			isa = PBXVariantGroup;
			children = (
				674F615627AD897E0000FB8D /* Base */,
			);
			name = Main.storyboard;
			sourceTree = "<group>";
		};
		674F615A27AD89800000FB8D /* LaunchScreen.storyboard */ = {
			isa = PBXVariantGroup;
			children = (
				674F615B27AD89800000FB8D /* Base */,
			);
			name = LaunchScreen.storyboard;
			sourceTree = "<group>";
		};
/* End PBXVariantGroup section */

/* Begin XCBuildConfiguration section */
		674F615E27AD89800000FB8D /* Debug */ = {
			isa = XCBuildConfiguration;
			buildSettings = {
				ALWAYS_SEARCH_USER_PATHS = NO;
				CLANG_ANALYZER_NONNULL = YES;
				CLANG_ANALYZER_NUMBER_OBJECT_CONVERSION = YES_AGGRESSIVE;
				CLANG_CXX_LANGUAGE_STANDARD = "gnu++17";
				CLANG_CXX_LIBRARY = "libc++";
				CLANG_ENABLE_MODULES = YES;
				CLANG_ENABLE_OBJC_ARC = YES;
				CLANG_ENABLE_OBJC_WEAK = YES;
				CLANG_WARN_BLOCK_CAPTURE_AUTORELEASING = YES;
				CLANG_WARN_BOOL_CONVERSION = YES;
				CLANG_WARN_COMMA = YES;
				CLANG_WARN_CONSTANT_CONVERSION = YES;
				CLANG_WARN_DEPRECATED_OBJC_IMPLEMENTATIONS = YES;
				CLANG_WARN_DIRECT_OBJC_ISA_USAGE = YES_ERROR;
				CLANG_WARN_DOCUMENTATION_COMMENTS = YES;
				CLANG_WARN_EMPTY_BODY = YES;
				CLANG_WARN_ENUM_CONVERSION = YES;
				CLANG_WARN_INFINITE_RECURSION = YES;
				CLANG_WARN_INT_CONVERSION = YES;
				CLANG_WARN_NON_LITERAL_NULL_CONVERSION = YES;
				CLANG_WARN_OBJC_IMPLICIT_RETAIN_SELF = YES;
				CLANG_WARN_OBJC_LITERAL_CONVERSION = YES;
				CLANG_WARN_OBJC_ROOT_CLASS = YES_ERROR;
				CLANG_WARN_QUOTED_INCLUDE_IN_FRAMEWORK_HEADER = YES;
				CLANG_WARN_RANGE_LOOP_ANALYSIS = YES;
				CLANG_WARN_STRICT_PROTOTYPES = YES;
				CLANG_WARN_SUSPICIOUS_MOVE = YES;
				CLANG_WARN_UNGUARDED_AVAILABILITY = YES_AGGRESSIVE;
				CLANG_WARN_UNREACHABLE_CODE = YES;
				CLANG_WARN__DUPLICATE_METHOD_MATCH = YES;
				COPY_PHASE_STRIP = NO;
				DEBUG_INFORMATION_FORMAT = dwarf;
				ENABLE_STRICT_OBJC_MSGSEND = YES;
				ENABLE_TESTABILITY = YES;
				GCC_C_LANGUAGE_STANDARD = gnu11;
				GCC_DYNAMIC_NO_PIC = NO;
				GCC_NO_COMMON_BLOCKS = YES;
				GCC_OPTIMIZATION_LEVEL = 0;
				GCC_PREPROCESSOR_DEFINITIONS = (
					"DEBUG=1",
					"$(inherited)",
				);
				GCC_WARN_64_TO_32_BIT_CONVERSION = YES;
				GCC_WARN_ABOUT_RETURN_TYPE = YES_ERROR;
				GCC_WARN_UNDECLARED_SELECTOR = YES;
				GCC_WARN_UNINITIALIZED_AUTOS = YES_AGGRESSIVE;
				GCC_WARN_UNUSED_FUNCTION = YES;
				GCC_WARN_UNUSED_VARIABLE = YES;
				IPHONEOS_DEPLOYMENT_TARGET = 15.2;
				MTL_ENABLE_DEBUG_INFO = INCLUDE_SOURCE;
				MTL_FAST_MATH = YES;
				ONLY_ACTIVE_ARCH = YES;
				SDKROOT = iphoneos;
				SWIFT_ACTIVE_COMPILATION_CONDITIONS = DEBUG;
				SWIFT_OPTIMIZATION_LEVEL = "-Onone";
			};
			name = Debug;
		};
		674F615F27AD89800000FB8D /* Release */ = {
			isa = XCBuildConfiguration;
			buildSettings = {
				ALWAYS_SEARCH_USER_PATHS = NO;
				CLANG_ANALYZER_NONNULL = YES;
				CLANG_ANALYZER_NUMBER_OBJECT_CONVERSION = YES_AGGRESSIVE;
				CLANG_CXX_LANGUAGE_STANDARD = "gnu++17";
				CLANG_CXX_LIBRARY = "libc++";
				CLANG_ENABLE_MODULES = YES;
				CLANG_ENABLE_OBJC_ARC = YES;
				CLANG_ENABLE_OBJC_WEAK = YES;
				CLANG_WARN_BLOCK_CAPTURE_AUTORELEASING = YES;
				CLANG_WARN_BOOL_CONVERSION = YES;
				CLANG_WARN_COMMA = YES;
				CLANG_WARN_CONSTANT_CONVERSION = YES;
				CLANG_WARN_DEPRECATED_OBJC_IMPLEMENTATIONS = YES;
				CLANG_WARN_DIRECT_OBJC_ISA_USAGE = YES_ERROR;
				CLANG_WARN_DOCUMENTATION_COMMENTS = YES;
				CLANG_WARN_EMPTY_BODY = YES;
				CLANG_WARN_ENUM_CONVERSION = YES;
				CLANG_WARN_INFINITE_RECURSION = YES;
				CLANG_WARN_INT_CONVERSION = YES;
				CLANG_WARN_NON_LITERAL_NULL_CONVERSION = YES;
				CLANG_WARN_OBJC_IMPLICIT_RETAIN_SELF = YES;
				CLANG_WARN_OBJC_LITERAL_CONVERSION = YES;
				CLANG_WARN_OBJC_ROOT_CLASS = YES_ERROR;
				CLANG_WARN_QUOTED_INCLUDE_IN_FRAMEWORK_HEADER = YES;
				CLANG_WARN_RANGE_LOOP_ANALYSIS = YES;
				CLANG_WARN_STRICT_PROTOTYPES = YES;
				CLANG_WARN_SUSPICIOUS_MOVE = YES;
				CLANG_WARN_UNGUARDED_AVAILABILITY = YES_AGGRESSIVE;
				CLANG_WARN_UNREACHABLE_CODE = YES;
				CLANG_WARN__DUPLICATE_METHOD_MATCH = YES;
				COPY_PHASE_STRIP = NO;
				DEBUG_INFORMATION_FORMAT = "dwarf-with-dsym";
				ENABLE_NS_ASSERTIONS = NO;
				ENABLE_STRICT_OBJC_MSGSEND = YES;
				GCC_C_LANGUAGE_STANDARD = gnu11;
				GCC_NO_COMMON_BLOCKS = YES;
				GCC_WARN_64_TO_32_BIT_CONVERSION = YES;
				GCC_WARN_ABOUT_RETURN_TYPE = YES_ERROR;
				GCC_WARN_UNDECLARED_SELECTOR = YES;
				GCC_WARN_UNINITIALIZED_AUTOS = YES_AGGRESSIVE;
				GCC_WARN_UNUSED_FUNCTION = YES;
				GCC_WARN_UNUSED_VARIABLE = YES;
				IPHONEOS_DEPLOYMENT_TARGET = 15.2;
				MTL_ENABLE_DEBUG_INFO = NO;
				MTL_FAST_MATH = YES;
				SDKROOT = iphoneos;
				SWIFT_COMPILATION_MODE = wholemodule;
				SWIFT_OPTIMIZATION_LEVEL = "-O";
				VALIDATE_PRODUCT = YES;
			};
			name = Release;
		};
		674F616127AD89800000FB8D /* Debug */ = {
			isa = XCBuildConfiguration;
			baseConfigurationReference = 2025D72FEBB4BB5EE6AA064B /* Pods-AuthenticationWithFirebase.debug.xcconfig */;
			buildSettings = {
				ASSETCATALOG_COMPILER_APPICON_NAME = AppIcon;
				ASSETCATALOG_COMPILER_GLOBAL_ACCENT_COLOR_NAME = AccentColor;
				CODE_SIGN_STYLE = Automatic;
				CURRENT_PROJECT_VERSION = 1;
				GENERATE_INFOPLIST_FILE = YES;
				INFOPLIST_FILE = AuthenticationWithFirebase/Info.plist;
				INFOPLIST_KEY_UIApplicationSupportsIndirectInputEvents = YES;
				INFOPLIST_KEY_UILaunchStoryboardName = LaunchScreen;
				INFOPLIST_KEY_UIMainStoryboardFile = Main;
				INFOPLIST_KEY_UISupportedInterfaceOrientations = UIInterfaceOrientationPortrait;
				INFOPLIST_KEY_UISupportedInterfaceOrientations_iPad = "UIInterfaceOrientationPortrait UIInterfaceOrientationPortraitUpsideDown UIInterfaceOrientationLandscapeLeft UIInterfaceOrientationLandscapeRight";
				INFOPLIST_KEY_UISupportedInterfaceOrientations_iPhone = "UIInterfaceOrientationPortrait UIInterfaceOrientationLandscapeLeft UIInterfaceOrientationLandscapeRight";
				IPHONEOS_DEPLOYMENT_TARGET = 15.2;
				LD_RUNPATH_SEARCH_PATHS = (
					"$(inherited)",
					"@executable_path/Frameworks",
				);
				MARKETING_VERSION = 1.0;
				PRODUCT_BUNDLE_IDENTIFIER = com.example.AuthenticationWithFirebase;
				PRODUCT_NAME = "$(TARGET_NAME)";
				SWIFT_EMIT_LOC_STRINGS = YES;
				SWIFT_VERSION = 5.0;
				TARGETED_DEVICE_FAMILY = 1;
			};
			name = Debug;
		};
		674F616227AD89800000FB8D /* Release */ = {
			isa = XCBuildConfiguration;
			baseConfigurationReference = 2E1457944251B837D759E55D /* Pods-AuthenticationWithFirebase.release.xcconfig */;
			buildSettings = {
				ASSETCATALOG_COMPILER_APPICON_NAME = AppIcon;
				ASSETCATALOG_COMPILER_GLOBAL_ACCENT_COLOR_NAME = AccentColor;
				CODE_SIGN_STYLE = Automatic;
				CURRENT_PROJECT_VERSION = 1;
				GENERATE_INFOPLIST_FILE = YES;
				INFOPLIST_FILE = AuthenticationWithFirebase/Info.plist;
				INFOPLIST_KEY_UIApplicationSupportsIndirectInputEvents = YES;
				INFOPLIST_KEY_UILaunchStoryboardName = LaunchScreen;
				INFOPLIST_KEY_UIMainStoryboardFile = Main;
				INFOPLIST_KEY_UISupportedInterfaceOrientations = UIInterfaceOrientationPortrait;
				INFOPLIST_KEY_UISupportedInterfaceOrientations_iPad = "UIInterfaceOrientationPortrait UIInterfaceOrientationPortraitUpsideDown UIInterfaceOrientationLandscapeLeft UIInterfaceOrientationLandscapeRight";
				INFOPLIST_KEY_UISupportedInterfaceOrientations_iPhone = "UIInterfaceOrientationPortrait UIInterfaceOrientationLandscapeLeft UIInterfaceOrientationLandscapeRight";
				IPHONEOS_DEPLOYMENT_TARGET = 15.2;
				LD_RUNPATH_SEARCH_PATHS = (
					"$(inherited)",
					"@executable_path/Frameworks",
				);
				MARKETING_VERSION = 1.0;
				PRODUCT_BUNDLE_IDENTIFIER = com.example.AuthenticationWithFirebase;
				PRODUCT_NAME = "$(TARGET_NAME)";
				SWIFT_EMIT_LOC_STRINGS = YES;
				SWIFT_VERSION = 5.0;
				TARGETED_DEVICE_FAMILY = 1;
			};
			name = Release;
		};
/* End XCBuildConfiguration section */

/* Begin XCConfigurationList section */
		674F614727AD897E0000FB8D /* Build configuration list for PBXProject "AuthenticationWithFirebase" */ = {
			isa = XCConfigurationList;
			buildConfigurations = (
				674F615E27AD89800000FB8D /* Debug */,
				674F615F27AD89800000FB8D /* Release */,
			);
			defaultConfigurationIsVisible = 0;
			defaultConfigurationName = Release;
		};
		674F616027AD89800000FB8D /* Build configuration list for PBXNativeTarget "AuthenticationWithFirebase" */ = {
			isa = XCConfigurationList;
			buildConfigurations = (
				674F616127AD89800000FB8D /* Debug */,
				674F616227AD89800000FB8D /* Release */,
			);
			defaultConfigurationIsVisible = 0;
			defaultConfigurationName = Release;
		};
/* End XCConfigurationList section */
	};
	rootObject = 674F614427AD897E0000FB8D /* Project object */;
}
